
Microsoft Visual Studio Solution File, Format Version 12.00
# Visual Studio Version 17
VisualStudioVersion = 17.10.35013.160
MinimumVisualStudioVersion = 10.0.40219.1
Project("{9A19103F-16F7-4668-BE54-9A1E7A4F7556}") = "FoxTail.Extensions", "FoxTail.Extensions\FoxTail.Extensions.csproj", "{A8D1956C-C6D2-49C1-B500-329F35F332AF}"
EndProject
Project("{9A19103F-16F7-4668-BE54-9A1E7A4F7556}") = "FoxTail.Tests", "FoxTail.Tests\FoxTail.Tests.csproj", "{D9E38308-EEC7-48D8-A382-7895B172B139}"
EndProject
Project("{FAE04EC0-301F-11D3-BF4B-00C04F79EFBC}") = "FoxTail.Common", "FoxTail.Common\FoxTail.Common.csproj", "{43F992D6-EF0B-4C8A-978C-D62DCAEF95CA}"
EndProject
Global
	GlobalSection(SolutionConfigurationPlatforms) = preSolution
		Debug|Any CPU = Debug|Any CPU
		Release|Any CPU = Release|Any CPU
	EndGlobalSection
	GlobalSection(ProjectConfigurationPlatforms) = postSolution
		{A8D1956C-C6D2-49C1-B500-329F35F332AF}.Debug|Any CPU.ActiveCfg = Debug|Any CPU
		{A8D1956C-C6D2-49C1-B500-329F35F332AF}.Debug|Any CPU.Build.0 = Debug|Any CPU
		{A8D1956C-C6D2-49C1-B500-329F35F332AF}.Release|Any CPU.ActiveCfg = Release|Any CPU
		{A8D1956C-C6D2-49C1-B500-329F35F332AF}.Release|Any CPU.Build.0 = Release|Any CPU
		{D9E38308-EEC7-48D8-A382-7895B172B139}.Debug|Any CPU.ActiveCfg = Debug|Any CPU
		{D9E38308-EEC7-48D8-A382-7895B172B139}.Debug|Any CPU.Build.0 = Debug|Any CPU
		{D9E38308-EEC7-48D8-A382-7895B172B139}.Release|Any CPU.ActiveCfg = Release|Any CPU
		{D9E38308-EEC7-48D8-A382-7895B172B139}.Release|Any CPU.Build.0 = Release|Any CPU
		{43F992D6-EF0B-4C8A-978C-D62DCAEF95CA}.Debug|Any CPU.ActiveCfg = Debug|Any CPU
		{43F992D6-EF0B-4C8A-978C-D62DCAEF95CA}.Debug|Any CPU.Build.0 = Debug|Any CPU
		{43F992D6-EF0B-4C8A-978C-D62DCAEF95CA}.Release|Any CPU.ActiveCfg = Release|Any CPU
		{43F992D6-EF0B-4C8A-978C-D62DCAEF95CA}.Release|Any CPU.Build.0 = Release|Any CPU
	EndGlobalSection
	GlobalSection(SolutionProperties) = preSolution
		HideSolutionNode = FALSE
	EndGlobalSection
	GlobalSection(ExtensibilityGlobals) = postSolution
		SolutionGuid = {749BBD78-51E9-436B-80B6-C54CBA4AB3E4}
	EndGlobalSection
EndGlobal
