
Microsoft Visual Studio Solution File, Format Version 12.00
Project("{FAE04EC0-301F-11D3-BF4B-00C04F79EFBC}") = "Utility.Extensions", "Utility.Extensions\Utility.Extensions.csproj", "{A8D1956C-C6D2-49C1-B500-329F35F332AF}"
EndProject
Project("{FAE04EC0-301F-11D3-BF4B-00C04F79EFBC}") = "Utility.Tests", "Utility.Tests\Utility.Tests.csproj", "{D9E38308-EEC7-48D8-A382-7895B172B139}"
EndProject
Global
	GlobalSection(SolutionConfigurationPlatforms) = preSolution
		Debug|Any CPU = Debug|Any CPU
		Release|Any CPU = Release|Any CPU
	EndGlobalSection
	GlobalSection(ProjectConfigurationPlatforms) = postSolution
		{A8D1956C-C6D2-49C1-B500-329F35F332AF}.Debug|Any CPU.ActiveCfg = Debug|Any CPU
		{A8D1956C-C6D2-49C1-B500-329F35F332AF}.Debug|Any CPU.Build.0 = Debug|Any CPU
		{A8D1956C-C6D2-49C1-B500-329F35F332AF}.Release|Any CPU.ActiveCfg = Release|Any CPU
		{A8D1956C-C6D2-49C1-B500-329F35F332AF}.Release|Any CPU.Build.0 = Release|Any CPU
		{D9E38308-EEC7-48D8-A382-7895B172B139}.Debug|Any CPU.ActiveCfg = Debug|Any CPU
		{D9E38308-EEC7-48D8-A382-7895B172B139}.Debug|Any CPU.Build.0 = Debug|Any CPU
		{D9E38308-EEC7-48D8-A382-7895B172B139}.Release|Any CPU.ActiveCfg = Release|Any CPU
		{D9E38308-EEC7-48D8-A382-7895B172B139}.Release|Any CPU.Build.0 = Release|Any CPU
	EndGlobalSection
EndGlobal
